
Microsoft Visual Studio Solution File, Format Version 12.00
# Visual Studio Version 17
VisualStudioVersion = 17.1.32319.34
MinimumVisualStudioVersion = 10.0.40219.1
Project("{9A19103F-16F7-4668-BE54-9A1E7A4F7556}") = "ECommerce.Api.Products", "ECommerce.Api.Products\ECommerce.Api.Products.csproj", "{04CC9306-8C0D-4D67-BC85-B4ACFE5A6748}"
EndProject
Project("{9A19103F-16F7-4668-BE54-9A1E7A4F7556}") = "Ecommerce.Api.Customers", "Ecommerce.Api.Customers\Ecommerce.Api.Customers.csproj", "{FDE61C11-E270-4B4B-A7F4-C81DBB78A5C4}"
EndProject
Project("{9A19103F-16F7-4668-BE54-9A1E7A4F7556}") = "ECommerce.Api.Orders", "ECommerce.Api.Orders\ECommerce.Api.Orders.csproj", "{68707090-8FBF-49A7-94A9-93A91079E48D}"
EndProject
Project("{9A19103F-16F7-4668-BE54-9A1E7A4F7556}") = "Ecommerce.Api.Search", "Ecommerce.Api.Search\Ecommerce.Api.Search.csproj", "{0D0BE9DA-F1B0-4EF3-AFA5-FACAF25765FE}"
EndProject
Project("{FAE04EC0-301F-11D3-BF4B-00C04F79EFBC}") = "ECommerce.Api.Products.Tests", "ECommerce.Api.Products.Tests\ECommerce.Api.Products.Tests.csproj", "{AF9728AE-764A-4343-B823-14843EFC5AFB}"
EndProject
Project("{E53339B2-1760-4266-BCC7-CA923CBCF16C}") = "docker-compose", "docker-compose.dcproj", "{CA2FCF63-FC0E-4A81-B608-C035D891FEED}"
EndProject
Global
	GlobalSection(SolutionConfigurationPlatforms) = preSolution
		Debug|Any CPU = Debug|Any CPU
		Release|Any CPU = Release|Any CPU
	EndGlobalSection
	GlobalSection(ProjectConfigurationPlatforms) = postSolution
		{04CC9306-8C0D-4D67-BC85-B4ACFE5A6748}.Debug|Any CPU.ActiveCfg = Debug|Any CPU
		{04CC9306-8C0D-4D67-BC85-B4ACFE5A6748}.Debug|Any CPU.Build.0 = Debug|Any CPU
		{04CC9306-8C0D-4D67-BC85-B4ACFE5A6748}.Release|Any CPU.ActiveCfg = Release|Any CPU
		{04CC9306-8C0D-4D67-BC85-B4ACFE5A6748}.Release|Any CPU.Build.0 = Release|Any CPU
		{FDE61C11-E270-4B4B-A7F4-C81DBB78A5C4}.Debug|Any CPU.ActiveCfg = Debug|Any CPU
		{FDE61C11-E270-4B4B-A7F4-C81DBB78A5C4}.Debug|Any CPU.Build.0 = Debug|Any CPU
		{FDE61C11-E270-4B4B-A7F4-C81DBB78A5C4}.Release|Any CPU.ActiveCfg = Release|Any CPU
		{FDE61C11-E270-4B4B-A7F4-C81DBB78A5C4}.Release|Any CPU.Build.0 = Release|Any CPU
		{68707090-8FBF-49A7-94A9-93A91079E48D}.Debug|Any CPU.ActiveCfg = Debug|Any CPU
		{68707090-8FBF-49A7-94A9-93A91079E48D}.Debug|Any CPU.Build.0 = Debug|Any CPU
		{68707090-8FBF-49A7-94A9-93A91079E48D}.Release|Any CPU.ActiveCfg = Release|Any CPU
		{68707090-8FBF-49A7-94A9-93A91079E48D}.Release|Any CPU.Build.0 = Release|Any CPU
		{0D0BE9DA-F1B0-4EF3-AFA5-FACAF25765FE}.Debug|Any CPU.ActiveCfg = Debug|Any CPU
		{0D0BE9DA-F1B0-4EF3-AFA5-FACAF25765FE}.Debug|Any CPU.Build.0 = Debug|Any CPU
		{0D0BE9DA-F1B0-4EF3-AFA5-FACAF25765FE}.Release|Any CPU.ActiveCfg = Release|Any CPU
		{0D0BE9DA-F1B0-4EF3-AFA5-FACAF25765FE}.Release|Any CPU.Build.0 = Release|Any CPU
		{AF9728AE-764A-4343-B823-14843EFC5AFB}.Debug|Any CPU.ActiveCfg = Debug|Any CPU
		{AF9728AE-764A-4343-B823-14843EFC5AFB}.Debug|Any CPU.Build.0 = Debug|Any CPU
		{AF9728AE-764A-4343-B823-14843EFC5AFB}.Release|Any CPU.ActiveCfg = Release|Any CPU
		{AF9728AE-764A-4343-B823-14843EFC5AFB}.Release|Any CPU.Build.0 = Release|Any CPU
		{CA2FCF63-FC0E-4A81-B608-C035D891FEED}.Debug|Any CPU.ActiveCfg = Debug|Any CPU
		{CA2FCF63-FC0E-4A81-B608-C035D891FEED}.Debug|Any CPU.Build.0 = Debug|Any CPU
		{CA2FCF63-FC0E-4A81-B608-C035D891FEED}.Release|Any CPU.ActiveCfg = Release|Any CPU
		{CA2FCF63-FC0E-4A81-B608-C035D891FEED}.Release|Any CPU.Build.0 = Release|Any CPU
	EndGlobalSection
	GlobalSection(SolutionProperties) = preSolution
		HideSolutionNode = FALSE
	EndGlobalSection
	GlobalSection(ExtensibilityGlobals) = postSolution
		SolutionGuid = {8607A115-7462-427D-8D9B-2F7294252A95}
	EndGlobalSection
EndGlobal
